
Microsoft Visual Studio Solution File, Format Version 12.00
# Visual Studio Version 16
VisualStudioVersion = 16.0.31321.278
MinimumVisualStudioVersion = 10.0.40219.1
Project("{FAE04EC0-301F-11D3-BF4B-00C04F79EFBC}") = "IS-2-19-OtdelenovDS", "IS-2-19-OtdelenovDS\IS-2-19-OtdelenovDS.csproj", "{8FE616D5-3D16-40C5-B986-84B6B611F59D}"
EndProject
Global
	GlobalSection(SolutionConfigurationPlatforms) = preSolution
		Debug|Any CPU = Debug|Any CPU
		Release|Any CPU = Release|Any CPU
	EndGlobalSection
	GlobalSection(ProjectConfigurationPlatforms) = postSolution
		{8FE616D5-3D16-40C5-B986-84B6B611F59D}.Debug|Any CPU.ActiveCfg = Debug|Any CPU
		{8FE616D5-3D16-40C5-B986-84B6B611F59D}.Debug|Any CPU.Build.0 = Debug|Any CPU
		{8FE616D5-3D16-40C5-B986-84B6B611F59D}.Release|Any CPU.ActiveCfg = Release|Any CPU
		{8FE616D5-3D16-40C5-B986-84B6B611F59D}.Release|Any CPU.Build.0 = Release|Any CPU
	EndGlobalSection
	GlobalSection(SolutionProperties) = preSolution
		HideSolutionNode = FALSE
	EndGlobalSection
	GlobalSection(ExtensibilityGlobals) = postSolution
		SolutionGuid = {4C1B56FA-9411-40D4-86B7-2B1CD14BA489}
	EndGlobalSection
EndGlobal
